// !$*UTF8*$!
{
	archiveVersion = 1;
	classes = {
	};
	objectVersion = 46;
	objects = {

/* Begin PBXBuildFile section */
		89BA95341C4C7731001FD453 /* LinearWorkFlowSpec.swift in Sources */ = {isa = PBXBuildFile; fileRef = 89BA95331C4C7731001FD453 /* LinearWorkFlowSpec.swift */; };
		89BA95371C4C77B4001FD453 /* FakeWorkFlowComponent.swift in Sources */ = {isa = PBXBuildFile; fileRef = 89BA95361C4C77A8001FD453 /* FakeWorkFlowComponent.swift */; };
		89BFAC1F1C4C7192007B3415 /* WorkFlow.h in Headers */ = {isa = PBXBuildFile; fileRef = 89BFAC1E1C4C7192007B3415 /* WorkFlow.h */; settings = {ATTRIBUTES = (Public, ); }; };
		89BFAC261C4C7192007B3415 /* WorkFlow.framework in Frameworks */ = {isa = PBXBuildFile; fileRef = 89BFAC1B1C4C7192007B3415 /* WorkFlow.framework */; };
		89BFAC371C4C72D1007B3415 /* Nimble.framework in Frameworks */ = {isa = PBXBuildFile; fileRef = 89BFAC351C4C72D1007B3415 /* Nimble.framework */; };
		89BFAC381C4C72D1007B3415 /* Quick.framework in Frameworks */ = {isa = PBXBuildFile; fileRef = 89BFAC361C4C72D1007B3415 /* Quick.framework */; };
		89BFAC3A1C4C72E8007B3415 /* Nimble.framework in Embed Frameworks */ = {isa = PBXBuildFile; fileRef = 89BFAC351C4C72D1007B3415 /* Nimble.framework */; settings = {ATTRIBUTES = (CodeSignOnCopy, RemoveHeadersOnCopy, ); }; };
		89BFAC3B1C4C72E8007B3415 /* Quick.framework in Embed Frameworks */ = {isa = PBXBuildFile; fileRef = 89BFAC361C4C72D1007B3415 /* Quick.framework */; settings = {ATTRIBUTES = (CodeSignOnCopy, RemoveHeadersOnCopy, ); }; };
		89BFAC3F1C4C7352007B3415 /* LinearWorkFlow.swift in Sources */ = {isa = PBXBuildFile; fileRef = 89BFAC3E1C4C7352007B3415 /* LinearWorkFlow.swift */; };
		89BFAC411C4C74E2007B3415 /* WorkFlow.swift in Sources */ = {isa = PBXBuildFile; fileRef = 89BFAC401C4C74E2007B3415 /* WorkFlow.swift */; };
/* End PBXBuildFile section */

/* Begin PBXContainerItemProxy section */
		89BFAC271C4C7192007B3415 /* PBXContainerItemProxy */ = {
			isa = PBXContainerItemProxy;
			containerPortal = 89BFAC121C4C7192007B3415 /* Project object */;
			proxyType = 1;
			remoteGlobalIDString = 89BFAC1A1C4C7192007B3415;
			remoteInfo = WorkFlow;
		};
/* End PBXContainerItemProxy section */

/* Begin PBXCopyFilesBuildPhase section */
		89BFAC391C4C72DC007B3415 /* Embed Frameworks */ = {
			isa = PBXCopyFilesBuildPhase;
			buildActionMask = 2147483647;
			dstPath = "";
			dstSubfolderSpec = 10;
			files = (
				89BFAC3A1C4C72E8007B3415 /* Nimble.framework in Embed Frameworks */,
				89BFAC3B1C4C72E8007B3415 /* Quick.framework in Embed Frameworks */,
			);
			name = "Embed Frameworks";
			runOnlyForDeploymentPostprocessing = 0;
		};
/* End PBXCopyFilesBuildPhase section */

/* Begin PBXFileReference section */
		89BA95331C4C7731001FD453 /* LinearWorkFlowSpec.swift */ = {isa = PBXFileReference; fileEncoding = 4; lastKnownFileType = sourcecode.swift; path = LinearWorkFlowSpec.swift; sourceTree = "<group>"; };
		89BA95361C4C77A8001FD453 /* FakeWorkFlowComponent.swift */ = {isa = PBXFileReference; lastKnownFileType = sourcecode.swift; path = FakeWorkFlowComponent.swift; sourceTree = "<group>"; };
		89BFAC1B1C4C7192007B3415 /* WorkFlow.framework */ = {isa = PBXFileReference; explicitFileType = wrapper.framework; includeInIndex = 0; path = WorkFlow.framework; sourceTree = BUILT_PRODUCTS_DIR; };
		89BFAC1E1C4C7192007B3415 /* WorkFlow.h */ = {isa = PBXFileReference; lastKnownFileType = sourcecode.c.h; path = WorkFlow.h; sourceTree = "<group>"; };
		89BFAC201C4C7192007B3415 /* Info.plist */ = {isa = PBXFileReference; lastKnownFileType = text.plist.xml; path = Info.plist; sourceTree = "<group>"; };
		89BFAC251C4C7192007B3415 /* WorkFlowTests.xctest */ = {isa = PBXFileReference; explicitFileType = wrapper.cfbundle; includeInIndex = 0; path = WorkFlowTests.xctest; sourceTree = BUILT_PRODUCTS_DIR; };
		89BFAC2C1C4C7192007B3415 /* Info.plist */ = {isa = PBXFileReference; lastKnownFileType = text.plist.xml; path = Info.plist; sourceTree = "<group>"; };
		89BFAC351C4C72D1007B3415 /* Nimble.framework */ = {isa = PBXFileReference; lastKnownFileType = wrapper.framework; name = Nimble.framework; path = ../Carthage/Build/iOS/Nimble.framework; sourceTree = "<group>"; };
		89BFAC361C4C72D1007B3415 /* Quick.framework */ = {isa = PBXFileReference; lastKnownFileType = wrapper.framework; name = Quick.framework; path = ../Carthage/Build/iOS/Quick.framework; sourceTree = "<group>"; };
		89BFAC3E1C4C7352007B3415 /* LinearWorkFlow.swift */ = {isa = PBXFileReference; fileEncoding = 4; lastKnownFileType = sourcecode.swift; path = LinearWorkFlow.swift; sourceTree = "<group>"; };
		89BFAC401C4C74E2007B3415 /* WorkFlow.swift */ = {isa = PBXFileReference; fileEncoding = 4; lastKnownFileType = sourcecode.swift; path = WorkFlow.swift; sourceTree = "<group>"; };
/* End PBXFileReference section */

/* Begin PBXFrameworksBuildPhase section */
		89BFAC171C4C7192007B3415 /* Frameworks */ = {
			isa = PBXFrameworksBuildPhase;
			buildActionMask = 2147483647;
			files = (
			);
			runOnlyForDeploymentPostprocessing = 0;
		};
		89BFAC221C4C7192007B3415 /* Frameworks */ = {
			isa = PBXFrameworksBuildPhase;
			buildActionMask = 2147483647;
			files = (
				89BFAC261C4C7192007B3415 /* WorkFlow.framework in Frameworks */,
				89BFAC371C4C72D1007B3415 /* Nimble.framework in Frameworks */,
				89BFAC381C4C72D1007B3415 /* Quick.framework in Frameworks */,
			);
			runOnlyForDeploymentPostprocessing = 0;
		};
/* End PBXFrameworksBuildPhase section */

/* Begin PBXGroup section */
		89BA95351C4C77A8001FD453 /* fakes */ = {
			isa = PBXGroup;
			children = (
				89BA95361C4C77A8001FD453 /* FakeWorkFlowComponent.swift */,
			);
			path = fakes;
			sourceTree = "<group>";
		};
		89BFAC111C4C7192007B3415 = {
			isa = PBXGroup;
			children = (
				89BFAC1D1C4C7192007B3415 /* WorkFlow */,
				89BFAC291C4C7192007B3415 /* WorkFlowTests */,
				89BFAC1C1C4C7192007B3415 /* Products */,
			);
			sourceTree = "<group>";
		};
		89BFAC1C1C4C7192007B3415 /* Products */ = {
			isa = PBXGroup;
			children = (
				89BFAC1B1C4C7192007B3415 /* WorkFlow.framework */,
				89BFAC251C4C7192007B3415 /* WorkFlowTests.xctest */,
			);
			name = Products;
			sourceTree = "<group>";
		};
		89BFAC1D1C4C7192007B3415 /* WorkFlow */ = {
			isa = PBXGroup;
			children = (
				89BFAC1E1C4C7192007B3415 /* WorkFlow.h */,
				89BFAC401C4C74E2007B3415 /* WorkFlow.swift */,
				89BFAC3E1C4C7352007B3415 /* LinearWorkFlow.swift */,
				89BFAC201C4C7192007B3415 /* Info.plist */,
			);
			path = WorkFlow;
			sourceTree = "<group>";
		};
		89BFAC291C4C7192007B3415 /* WorkFlowTests */ = {
			isa = PBXGroup;
			children = (
				89BFAC351C4C72D1007B3415 /* Nimble.framework */,
				89BFAC361C4C72D1007B3415 /* Quick.framework */,
				89BFAC2C1C4C7192007B3415 /* Info.plist */,
				89BA95351C4C77A8001FD453 /* fakes */,
				89BA95331C4C7731001FD453 /* LinearWorkFlowSpec.swift */,
			);
			path = WorkFlowTests;
			sourceTree = "<group>";
		};
/* End PBXGroup section */

/* Begin PBXHeadersBuildPhase section */
		89BFAC181C4C7192007B3415 /* Headers */ = {
			isa = PBXHeadersBuildPhase;
			buildActionMask = 2147483647;
			files = (
				89BFAC1F1C4C7192007B3415 /* WorkFlow.h in Headers */,
			);
			runOnlyForDeploymentPostprocessing = 0;
		};
/* End PBXHeadersBuildPhase section */

/* Begin PBXNativeTarget section */
		89BFAC1A1C4C7192007B3415 /* WorkFlow */ = {
			isa = PBXNativeTarget;
			buildConfigurationList = 89BFAC2F1C4C7192007B3415 /* Build configuration list for PBXNativeTarget "WorkFlow" */;
			buildPhases = (
				89BFAC161C4C7192007B3415 /* Sources */,
				89BFAC171C4C7192007B3415 /* Frameworks */,
				89BFAC181C4C7192007B3415 /* Headers */,
				89BFAC191C4C7192007B3415 /* Resources */,
			);
			buildRules = (
			);
			dependencies = (
			);
			name = WorkFlow;
			productName = WorkFlow;
			productReference = 89BFAC1B1C4C7192007B3415 /* WorkFlow.framework */;
			productType = "com.apple.product-type.framework";
		};
		89BFAC241C4C7192007B3415 /* WorkFlowTests */ = {
			isa = PBXNativeTarget;
			buildConfigurationList = 89BFAC321C4C7192007B3415 /* Build configuration list for PBXNativeTarget "WorkFlowTests" */;
			buildPhases = (
				89BFAC211C4C7192007B3415 /* Sources */,
				89BFAC221C4C7192007B3415 /* Frameworks */,
				89BFAC231C4C7192007B3415 /* Resources */,
				89BFAC391C4C72DC007B3415 /* Embed Frameworks */,
			);
			buildRules = (
			);
			dependencies = (
				89BFAC281C4C7192007B3415 /* PBXTargetDependency */,
			);
			name = WorkFlowTests;
			productName = WorkFlowTests;
			productReference = 89BFAC251C4C7192007B3415 /* WorkFlowTests.xctest */;
			productType = "com.apple.product-type.bundle.unit-test";
		};
/* End PBXNativeTarget section */

/* Begin PBXProject section */
		89BFAC121C4C7192007B3415 /* Project object */ = {
			isa = PBXProject;
			attributes = {
				LastSwiftUpdateCheck = 0720;
				LastUpgradeCheck = 0720;
				ORGANIZATIONNAME = "Rachel Brindle";
				TargetAttributes = {
					89BFAC1A1C4C7192007B3415 = {
						CreatedOnToolsVersion = 7.2;
					};
					89BFAC241C4C7192007B3415 = {
						CreatedOnToolsVersion = 7.2;
					};
				};
			};
			buildConfigurationList = 89BFAC151C4C7192007B3415 /* Build configuration list for PBXProject "WorkFlow" */;
			compatibilityVersion = "Xcode 3.2";
			developmentRegion = English;
			hasScannedForEncodings = 0;
			knownRegions = (
				en,
			);
			mainGroup = 89BFAC111C4C7192007B3415;
			productRefGroup = 89BFAC1C1C4C7192007B3415 /* Products */;
			projectDirPath = "";
			projectRoot = "";
			targets = (
				89BFAC1A1C4C7192007B3415 /* WorkFlow */,
				89BFAC241C4C7192007B3415 /* WorkFlowTests */,
			);
		};
/* End PBXProject section */

/* Begin PBXResourcesBuildPhase section */
		89BFAC191C4C7192007B3415 /* Resources */ = {
			isa = PBXResourcesBuildPhase;
			buildActionMask = 2147483647;
			files = (
			);
			runOnlyForDeploymentPostprocessing = 0;
		};
		89BFAC231C4C7192007B3415 /* Resources */ = {
			isa = PBXResourcesBuildPhase;
			buildActionMask = 2147483647;
			files = (
			);
			runOnlyForDeploymentPostprocessing = 0;
		};
/* End PBXResourcesBuildPhase section */

/* Begin PBXSourcesBuildPhase section */
		89BFAC161C4C7192007B3415 /* Sources */ = {
			isa = PBXSourcesBuildPhase;
			buildActionMask = 2147483647;
			files = (
				89BFAC411C4C74E2007B3415 /* WorkFlow.swift in Sources */,
				89BFAC3F1C4C7352007B3415 /* LinearWorkFlow.swift in Sources */,
			);
			runOnlyForDeploymentPostprocessing = 0;
		};
		89BFAC211C4C7192007B3415 /* Sources */ = {
			isa = PBXSourcesBuildPhase;
			buildActionMask = 2147483647;
			files = (
				89BA95341C4C7731001FD453 /* LinearWorkFlowSpec.swift in Sources */,
				89BA95371C4C77B4001FD453 /* FakeWorkFlowComponent.swift in Sources */,
			);
			runOnlyForDeploymentPostprocessing = 0;
		};
/* End PBXSourcesBuildPhase section */

/* Begin PBXTargetDependency section */
		89BFAC281C4C7192007B3415 /* PBXTargetDependency */ = {
			isa = PBXTargetDependency;
			target = 89BFAC1A1C4C7192007B3415 /* WorkFlow */;
			targetProxy = 89BFAC271C4C7192007B3415 /* PBXContainerItemProxy */;
		};
/* End PBXTargetDependency section */

/* Begin XCBuildConfiguration section */
		89BFAC2D1C4C7192007B3415 /* Debug */ = {
			isa = XCBuildConfiguration;
			buildSettings = {
				ALWAYS_SEARCH_USER_PATHS = NO;
				CLANG_CXX_LANGUAGE_STANDARD = "gnu++0x";
				CLANG_CXX_LIBRARY = "libc++";
				CLANG_ENABLE_MODULES = YES;
				CLANG_ENABLE_OBJC_ARC = YES;
				CLANG_WARN_BOOL_CONVERSION = YES;
				CLANG_WARN_CONSTANT_CONVERSION = YES;
				CLANG_WARN_DIRECT_OBJC_ISA_USAGE = YES_ERROR;
				CLANG_WARN_EMPTY_BODY = YES;
				CLANG_WARN_ENUM_CONVERSION = YES;
				CLANG_WARN_INT_CONVERSION = YES;
				CLANG_WARN_OBJC_ROOT_CLASS = YES_ERROR;
				CLANG_WARN_UNREACHABLE_CODE = YES;
				CLANG_WARN__DUPLICATE_METHOD_MATCH = YES;
				"CODE_SIGN_IDENTITY[sdk=iphoneos*]" = "iPhone Developer";
				COPY_PHASE_STRIP = NO;
				CURRENT_PROJECT_VERSION = 1;
				DEBUG_INFORMATION_FORMAT = dwarf;
				ENABLE_STRICT_OBJC_MSGSEND = YES;
				ENABLE_TESTABILITY = YES;
				GCC_C_LANGUAGE_STANDARD = gnu99;
				GCC_DYNAMIC_NO_PIC = NO;
				GCC_NO_COMMON_BLOCKS = YES;
				GCC_OPTIMIZATION_LEVEL = 0;
				GCC_PREPROCESSOR_DEFINITIONS = (
					"DEBUG=1",
					"$(inherited)",
				);
				GCC_WARN_64_TO_32_BIT_CONVERSION = YES;
				GCC_WARN_ABOUT_RETURN_TYPE = YES_ERROR;
				GCC_WARN_UNDECLARED_SELECTOR = YES;
				GCC_WARN_UNINITIALIZED_AUTOS = YES_AGGRESSIVE;
				GCC_WARN_UNUSED_FUNCTION = YES;
				GCC_WARN_UNUSED_VARIABLE = YES;
				IPHONEOS_DEPLOYMENT_TARGET = 9.2;
				MTL_ENABLE_DEBUG_INFO = YES;
				ONLY_ACTIVE_ARCH = YES;
				SDKROOT = iphoneos;
				SWIFT_OPTIMIZATION_LEVEL = "-Onone";
				TARGETED_DEVICE_FAMILY = "1,2";
				VERSIONING_SYSTEM = "apple-generic";
				VERSION_INFO_PREFIX = "";
			};
			name = Debug;
		};
		89BFAC2E1C4C7192007B3415 /* Release */ = {
			isa = XCBuildConfiguration;
			buildSettings = {
				ALWAYS_SEARCH_USER_PATHS = NO;
				CLANG_CXX_LANGUAGE_STANDARD = "gnu++0x";
				CLANG_CXX_LIBRARY = "libc++";
				CLANG_ENABLE_MODULES = YES;
				CLANG_ENABLE_OBJC_ARC = YES;
				CLANG_WARN_BOOL_CONVERSION = YES;
				CLANG_WARN_CONSTANT_CONVERSION = YES;
				CLANG_WARN_DIRECT_OBJC_ISA_USAGE = YES_ERROR;
				CLANG_WARN_EMPTY_BODY = YES;
				CLANG_WARN_ENUM_CONVERSION = YES;
				CLANG_WARN_INT_CONVERSION = YES;
				CLANG_WARN_OBJC_ROOT_CLASS = YES_ERROR;
				CLANG_WARN_UNREACHABLE_CODE = YES;
				CLANG_WARN__DUPLICATE_METHOD_MATCH = YES;
				"CODE_SIGN_IDENTITY[sdk=iphoneos*]" = "iPhone Developer";
				COPY_PHASE_STRIP = NO;
				CURRENT_PROJECT_VERSION = 1;
				DEBUG_INFORMATION_FORMAT = "dwarf-with-dsym";
				ENABLE_NS_ASSERTIONS = NO;
				ENABLE_STRICT_OBJC_MSGSEND = YES;
				GCC_C_LANGUAGE_STANDARD = gnu99;
				GCC_NO_COMMON_BLOCKS = YES;
				GCC_WARN_64_TO_32_BIT_CONVERSION = YES;
				GCC_WARN_ABOUT_RETURN_TYPE = YES_ERROR;
				GCC_WARN_UNDECLARED_SELECTOR = YES;
				GCC_WARN_UNINITIALIZED_AUTOS = YES_AGGRESSIVE;
				GCC_WARN_UNUSED_FUNCTION = YES;
				GCC_WARN_UNUSED_VARIABLE = YES;
				IPHONEOS_DEPLOYMENT_TARGET = 9.2;
				MTL_ENABLE_DEBUG_INFO = NO;
				SDKROOT = iphoneos;
				TARGETED_DEVICE_FAMILY = "1,2";
				VALIDATE_PRODUCT = YES;
				VERSIONING_SYSTEM = "apple-generic";
				VERSION_INFO_PREFIX = "";
			};
			name = Release;
		};
		89BFAC301C4C7192007B3415 /* Debug */ = {
			isa = XCBuildConfiguration;
			buildSettings = {
				APPLICATION_EXTENSION_API_ONLY = YES;
				CLANG_ENABLE_MODULES = YES;
				DEFINES_MODULE = YES;
				DYLIB_COMPATIBILITY_VERSION = 1;
				DYLIB_CURRENT_VERSION = 1;
				DYLIB_INSTALL_NAME_BASE = "@rpath";
				INFOPLIST_FILE = WorkFlow/Info.plist;
				INSTALL_PATH = "$(LOCAL_LIBRARY_DIR)/Frameworks";
				IPHONEOS_DEPLOYMENT_TARGET = 8.0;
				LD_RUNPATH_SEARCH_PATHS = "$(inherited) @executable_path/Frameworks @loader_path/Frameworks";
				PRODUCT_BUNDLE_IDENTIFIER = com.rachelbrindle.WorkFlow;
				PRODUCT_NAME = "$(TARGET_NAME)";
				SKIP_INSTALL = YES;
				SWIFT_OPTIMIZATION_LEVEL = "-Onone";
			};
			name = Debug;
		};
		89BFAC311C4C7192007B3415 /* Release */ = {
			isa = XCBuildConfiguration;
			buildSettings = {
				APPLICATION_EXTENSION_API_ONLY = YES;
				CLANG_ENABLE_MODULES = YES;
				DEFINES_MODULE = YES;
				DYLIB_COMPATIBILITY_VERSION = 1;
				DYLIB_CURRENT_VERSION = 1;
				DYLIB_INSTALL_NAME_BASE = "@rpath";
				INFOPLIST_FILE = WorkFlow/Info.plist;
				INSTALL_PATH = "$(LOCAL_LIBRARY_DIR)/Frameworks";
				IPHONEOS_DEPLOYMENT_TARGET = 8.0;
				LD_RUNPATH_SEARCH_PATHS = "$(inherited) @executable_path/Frameworks @loader_path/Frameworks";
				PRODUCT_BUNDLE_IDENTIFIER = com.rachelbrindle.WorkFlow;
				PRODUCT_NAME = "$(TARGET_NAME)";
				SKIP_INSTALL = YES;
			};
			name = Release;
		};
		89BFAC331C4C7192007B3415 /* Debug */ = {
			isa = XCBuildConfiguration;
			buildSettings = {
				CLANG_ENABLE_MODULES = YES;
				FRAMEWORK_SEARCH_PATHS = (
					"$(inherited)",
					"$(PROJECT_DIR)/Carthage/Build/iOS",
				);
				INFOPLIST_FILE = WorkFlowTests/Info.plist;
				LD_RUNPATH_SEARCH_PATHS = "$(inherited) @executable_path/Frameworks @loader_path/Frameworks";
				PRODUCT_BUNDLE_IDENTIFIER = com.rachelbrindle.WorkFlowTests;
				PRODUCT_NAME = "$(TARGET_NAME)";
				SWIFT_OPTIMIZATION_LEVEL = "-Onone";
			};
			name = Debug;
		};
		89BFAC341C4C7192007B3415 /* Release */ = {
			isa = XCBuildConfiguration;
			buildSettings = {
				CLANG_ENABLE_MODULES = YES;
				FRAMEWORK_SEARCH_PATHS = (
					"$(inherited)",
					"$(PROJECT_DIR)/Carthage/Build/iOS",
				);
				INFOPLIST_FILE = WorkFlowTests/Info.plist;
				LD_RUNPATH_SEARCH_PATHS = "$(inherited) @executable_path/Frameworks @loader_path/Frameworks";
				PRODUCT_BUNDLE_IDENTIFIER = com.rachelbrindle.WorkFlowTests;
				PRODUCT_NAME = "$(TARGET_NAME)";
			};
			name = Release;
		};
/* End XCBuildConfiguration section */

/* Begin XCConfigurationList section */
		89BFAC151C4C7192007B3415 /* Build configuration list for PBXProject "WorkFlow" */ = {
			isa = XCConfigurationList;
			buildConfigurations = (
				89BFAC2D1C4C7192007B3415 /* Debug */,
				89BFAC2E1C4C7192007B3415 /* Release */,
			);
			defaultConfigurationIsVisible = 0;
			defaultConfigurationName = Release;
		};
		89BFAC2F1C4C7192007B3415 /* Build configuration list for PBXNativeTarget "WorkFlow" */ = {
			isa = XCConfigurationList;
			buildConfigurations = (
				89BFAC301C4C7192007B3415 /* Debug */,
				89BFAC311C4C7192007B3415 /* Release */,
			);
			defaultConfigurationIsVisible = 0;
			defaultConfigurationName = Release;
		};
		89BFAC321C4C7192007B3415 /* Build configuration list for PBXNativeTarget "WorkFlowTests" */ = {
			isa = XCConfigurationList;
			buildConfigurations = (
				89BFAC331C4C7192007B3415 /* Debug */,
				89BFAC341C4C7192007B3415 /* Release */,
			);
			defaultConfigurationIsVisible = 0;
			defaultConfigurationName = Release;
		};
/* End XCConfigurationList section */
	};
	rootObject = 89BFAC121C4C7192007B3415 /* Project object */;
}
